
Microsoft Visual Studio Solution File, Format Version 12.00
# Visual Studio Version 17
VisualStudioVersion = 17.8.34330.188
MinimumVisualStudioVersion = 10.0.40219.1
Project("{FAE04EC0-301F-11D3-BF4B-00C04F79EFBC}") = "seminario-final", "seminario-final\seminario-final.csproj", "{C2E00F0B-B353-4297-A63C-575CC7840607}"
EndProject
Project("{FAE04EC0-301F-11D3-BF4B-00C04F79EFBC}") = "Services", "Services\Services.csproj", "{2A45221C-FA7F-4907-8E89-3AFCEF222F45}"
EndProject
Project("{FAE04EC0-301F-11D3-BF4B-00C04F79EFBC}") = "Repositories", "Repositories\Repositories.csproj", "{602712EE-983E-4FEE-A276-202734B69905}"
EndProject
Project("{FAE04EC0-301F-11D3-BF4B-00C04F79EFBC}") = "Models", "Models\Models.csproj", "{E11EE760-0457-4A87-8411-260BCC9BD7E6}"
EndProject
Global
	GlobalSection(SolutionConfigurationPlatforms) = preSolution
		Debug|Any CPU = Debug|Any CPU
		Release|Any CPU = Release|Any CPU
	EndGlobalSection
	GlobalSection(ProjectConfigurationPlatforms) = postSolution
		{C2E00F0B-B353-4297-A63C-575CC7840607}.Debug|Any CPU.ActiveCfg = Debug|Any CPU
		{C2E00F0B-B353-4297-A63C-575CC7840607}.Debug|Any CPU.Build.0 = Debug|Any CPU
		{C2E00F0B-B353-4297-A63C-575CC7840607}.Release|Any CPU.ActiveCfg = Release|Any CPU
		{C2E00F0B-B353-4297-A63C-575CC7840607}.Release|Any CPU.Build.0 = Release|Any CPU
		{2A45221C-FA7F-4907-8E89-3AFCEF222F45}.Debug|Any CPU.ActiveCfg = Debug|Any CPU
		{2A45221C-FA7F-4907-8E89-3AFCEF222F45}.Debug|Any CPU.Build.0 = Debug|Any CPU
		{2A45221C-FA7F-4907-8E89-3AFCEF222F45}.Release|Any CPU.ActiveCfg = Release|Any CPU
		{2A45221C-FA7F-4907-8E89-3AFCEF222F45}.Release|Any CPU.Build.0 = Release|Any CPU
		{602712EE-983E-4FEE-A276-202734B69905}.Debug|Any CPU.ActiveCfg = Debug|Any CPU
		{602712EE-983E-4FEE-A276-202734B69905}.Debug|Any CPU.Build.0 = Debug|Any CPU
		{602712EE-983E-4FEE-A276-202734B69905}.Release|Any CPU.ActiveCfg = Release|Any CPU
		{602712EE-983E-4FEE-A276-202734B69905}.Release|Any CPU.Build.0 = Release|Any CPU
		{E11EE760-0457-4A87-8411-260BCC9BD7E6}.Debug|Any CPU.ActiveCfg = Debug|Any CPU
		{E11EE760-0457-4A87-8411-260BCC9BD7E6}.Debug|Any CPU.Build.0 = Debug|Any CPU
		{E11EE760-0457-4A87-8411-260BCC9BD7E6}.Release|Any CPU.ActiveCfg = Release|Any CPU
		{E11EE760-0457-4A87-8411-260BCC9BD7E6}.Release|Any CPU.Build.0 = Release|Any CPU
	EndGlobalSection
	GlobalSection(SolutionProperties) = preSolution
		HideSolutionNode = FALSE
	EndGlobalSection
	GlobalSection(ExtensibilityGlobals) = postSolution
		SolutionGuid = {3C26AA82-579E-4205-8E8A-7417AF634340}
	EndGlobalSection
EndGlobal
